{
  "name": "finance_tracker",
  "lockfileVersion": 2,
  "requires": true,
  "packages": {
    "": {
      "dependencies": {
        "@preline/toggle-password": "^2.5.0"
      }
    },
    "node_modules/@preline/toggle-password": {
      "version": "2.5.0",
      "resolved": "https://registry.npmjs.org/@preline/toggle-password/-/toggle-password-2.5.0.tgz",
      "integrity": "sha512-B9RNt9pFNjDh0pRAKWPYQTcDSK5Pu3yu7MVaA+Bj7MTj3mSowA8dTUBywT7Gv7/+Vg6EzyFQmBzMzLcqPxz3AA=="
    }
  },
  "dependencies": {
    "@preline/toggle-password": {
      "version": "2.5.0",
      "resolved": "https://registry.npmjs.org/@preline/toggle-password/-/toggle-password-2.5.0.tgz",
      "integrity": "sha512-B9RNt9pFNjDh0pRAKWPYQTcDSK5Pu3yu7MVaA+Bj7MTj3mSowA8dTUBywT7Gv7/+Vg6EzyFQmBzMzLcqPxz3AA=="
    }
  }
}
